Microsoft Visual Studio Solution File, Format Version 12.00
# Visual Studio 2012
Project("{FAE04EC0-301F-11D3-BF4B-00C04F79EFBC}") = "SpaceZombie", "SpaceZombie.csproj", "{1B224834-9836-48B8-AAB3-E311F6391DDF}"
EndProject
Global
	GlobalSection(SolutionConfigurationPlatforms) = preSolution
	Debug|Any CPU = Debug|Any CPU
	ExportDebug|Any CPU = ExportDebug|Any CPU
	ExportRelease|Any CPU = ExportRelease|Any CPU
	EndGlobalSection
	GlobalSection(ProjectConfigurationPlatforms) = postSolution
		{1B224834-9836-48B8-AAB3-E311F6391DDF}.Debug|Any CPU.ActiveCfg = Debug|Any CPU
		{1B224834-9836-48B8-AAB3-E311F6391DDF}.Debug|Any CPU.Build.0 = Debug|Any CPU
		{1B224834-9836-48B8-AAB3-E311F6391DDF}.ExportDebug|Any CPU.ActiveCfg = ExportDebug|Any CPU
		{1B224834-9836-48B8-AAB3-E311F6391DDF}.ExportDebug|Any CPU.Build.0 = ExportDebug|Any CPU
		{1B224834-9836-48B8-AAB3-E311F6391DDF}.ExportRelease|Any CPU.ActiveCfg = ExportRelease|Any CPU
		{1B224834-9836-48B8-AAB3-E311F6391DDF}.ExportRelease|Any CPU.Build.0 = ExportRelease|Any CPU
	EndGlobalSection
EndGlobal
